// !$*UTF8*$!
{
	archiveVersion = 1;
	classes = {
	};
	objectVersion = 51;
	objects = {

/* Begin PBXBuildFile section */
		19B959CBF32E010A6F60993E /* Pods_RxSwift_IntroTests.framework in Frameworks */ = {isa = PBXBuildFile; fileRef = 959EE722ED032DB3C60BEAB0 /* Pods_RxSwift_IntroTests.framework */; };
		84347735266E8D9C006DF732 /* AppDelegate.swift in Sources */ = {isa = PBXBuildFile; fileRef = 84347734266E8D9C006DF732 /* AppDelegate.swift */; };
		84347737266E8D9C006DF732 /* SceneDelegate.swift in Sources */ = {isa = PBXBuildFile; fileRef = 84347736266E8D9C006DF732 /* SceneDelegate.swift */; };
		84347739266E8D9C006DF732 /* ViewController.swift in Sources */ = {isa = PBXBuildFile; fileRef = 84347738266E8D9C006DF732 /* ViewController.swift */; };
		8434773C266E8D9C006DF732 /* Main.storyboard in Resources */ = {isa = PBXBuildFile; fileRef = 8434773A266E8D9C006DF732 /* Main.storyboard */; };
		8434773E266E8D9F006DF732 /* Assets.xcassets in Resources */ = {isa = PBXBuildFile; fileRef = 8434773D266E8D9F006DF732 /* Assets.xcassets */; };
		84347741266E8D9F006DF732 /* LaunchScreen.storyboard in Resources */ = {isa = PBXBuildFile; fileRef = 8434773F266E8D9F006DF732 /* LaunchScreen.storyboard */; };
		8434774C266E8D9F006DF732 /* RxSwift_IntroTests.swift in Sources */ = {isa = PBXBuildFile; fileRef = 8434774B266E8D9F006DF732 /* RxSwift_IntroTests.swift */; };
		84347757266E8D9F006DF732 /* RxSwift_IntroUITests.swift in Sources */ = {isa = PBXBuildFile; fileRef = 84347756266E8D9F006DF732 /* RxSwift_IntroUITests.swift */; };
		8434777A266E9E22006DF732 /* SecondViewController.swift in Sources */ = {isa = PBXBuildFile; fileRef = 84347779266E9E22006DF732 /* SecondViewController.swift */; };
		CD07878449C63AB1F08650B3 /* Pods_RxSwift_Intro_RxSwift_IntroUITests.framework in Frameworks */ = {isa = PBXBuildFile; fileRef = 4595A95C453137D00AD98F19 /* Pods_RxSwift_Intro_RxSwift_IntroUITests.framework */; };
		D22677B3002C4B6022E61982 /* Pods_RxSwift_Intro.framework in Frameworks */ = {isa = PBXBuildFile; fileRef = 22AC9BB6F8A8629C094C886C /* Pods_RxSwift_Intro.framework */; };
/* End PBXBuildFile section */

/* Begin PBXContainerItemProxy section */
		84347748266E8D9F006DF732 /* PBXContainerItemProxy */ = {
			isa = PBXContainerItemProxy;
			containerPortal = 84347729266E8D9C006DF732 /* Project object */;
			proxyType = 1;
			remoteGlobalIDString = 84347730266E8D9C006DF732;
			remoteInfo = RxSwift_Intro;
		};
		84347753266E8D9F006DF732 /* PBXContainerItemProxy */ = {
			isa = PBXContainerItemProxy;
			containerPortal = 84347729266E8D9C006DF732 /* Project object */;
			proxyType = 1;
			remoteGlobalIDString = 84347730266E8D9C006DF732;
			remoteInfo = RxSwift_Intro;
		};
/* End PBXContainerItemProxy section */

/* Begin PBXFileReference section */
		22AC9BB6F8A8629C094C886C /* Pods_RxSwift_Intro.framework */ = {isa = PBXFileReference; explicitFileType = wrapper.framework; includeInIndex = 0; path = Pods_RxSwift_Intro.framework; sourceTree = BUILT_PRODUCTS_DIR; };
		33EFD55F046B990CB74DAFAE /* Pods-RxSwift_Intro.release.xcconfig */ = {isa = PBXFileReference; includeInIndex = 1; lastKnownFileType = text.xcconfig; name = "Pods-RxSwift_Intro.release.xcconfig"; path = "Target Support Files/Pods-RxSwift_Intro/Pods-RxSwift_Intro.release.xcconfig"; sourceTree = "<group>"; };
		4595A95C453137D00AD98F19 /* Pods_RxSwift_Intro_RxSwift_IntroUITests.framework */ = {isa = PBXFileReference; explicitFileType = wrapper.framework; includeInIndex = 0; path = Pods_RxSwift_Intro_RxSwift_IntroUITests.framework; sourceTree = BUILT_PRODUCTS_DIR; };
		7EEDF0B2D0F96AFA6E7D534D /* Pods-RxSwift_Intro.debug.xcconfig */ = {isa = PBXFileReference; includeInIndex = 1; lastKnownFileType = text.xcconfig; name = "Pods-RxSwift_Intro.debug.xcconfig"; path = "Target Support Files/Pods-RxSwift_Intro/Pods-RxSwift_Intro.debug.xcconfig"; sourceTree = "<group>"; };
		816136E26F4048BA249AF60F /* Pods-RxSwift_Intro-RxSwift_IntroUITests.release.xcconfig */ = {isa = PBXFileReference; includeInIndex = 1; lastKnownFileType = text.xcconfig; name = "Pods-RxSwift_Intro-RxSwift_IntroUITests.release.xcconfig"; path = "Target Support Files/Pods-RxSwift_Intro-RxSwift_IntroUITests/Pods-RxSwift_Intro-RxSwift_IntroUITests.release.xcconfig"; sourceTree = "<group>"; };
		84347731266E8D9C006DF732 /* RxSwift_Intro.app */ = {isa = PBXFileReference; explicitFileType = wrapper.application; includeInIndex = 0; path = RxSwift_Intro.app; sourceTree = BUILT_PRODUCTS_DIR; };
		84347734266E8D9C006DF732 /* AppDelegate.swift */ = {isa = PBXFileReference; lastKnownFileType = sourcecode.swift; path = AppDelegate.swift; sourceTree = "<group>"; };
		84347736266E8D9C006DF732 /* SceneDelegate.swift */ = {isa = PBXFileReference; lastKnownFileType = sourcecode.swift; path = SceneDelegate.swift; sourceTree = "<group>"; };
		84347738266E8D9C006DF732 /* ViewController.swift */ = {isa = PBXFileReference; lastKnownFileType = sourcecode.swift; path = ViewController.swift; sourceTree = "<group>"; };
		8434773B266E8D9C006DF732 /* Base */ = {isa = PBXFileReference; lastKnownFileType = file.storyboard; name = Base; path = Base.lproj/Main.storyboard; sourceTree = "<group>"; };
		8434773D266E8D9F006DF732 /* Assets.xcassets */ = {isa = PBXFileReference; lastKnownFileType = folder.assetcatalog; path = Assets.xcassets; sourceTree = "<group>"; };
		84347740266E8D9F006DF732 /* Base */ = {isa = PBXFileReference; lastKnownFileType = file.storyboard; name = Base; path = Base.lproj/LaunchScreen.storyboard; sourceTree = "<group>"; };
		84347742266E8D9F006DF732 /* Info.plist */ = {isa = PBXFileReference; lastKnownFileType = text.plist.xml; path = Info.plist; sourceTree = "<group>"; };
		84347747266E8D9F006DF732 /* RxSwift_IntroTests.xctest */ = {isa = PBXFileReference; explicitFileType = wrapper.cfbundle; includeInIndex = 0; path = RxSwift_IntroTests.xctest; sourceTree = BUILT_PRODUCTS_DIR; };
		8434774B266E8D9F006DF732 /* RxSwift_IntroTests.swift */ = {isa = PBXFileReference; lastKnownFileType = sourcecode.swift; path = RxSwift_IntroTests.swift; sourceTree = "<group>"; };
		8434774D266E8D9F006DF732 /* Info.plist */ = {isa = PBXFileReference; lastKnownFileType = text.plist.xml; path = Info.plist; sourceTree = "<group>"; };
		84347752266E8D9F006DF732 /* RxSwift_IntroUITests.xctest */ = {isa = PBXFileReference; explicitFileType = wrapper.cfbundle; includeInIndex = 0; path = RxSwift_IntroUITests.xctest; sourceTree = BUILT_PRODUCTS_DIR; };
		84347756266E8D9F006DF732 /* RxSwift_IntroUITests.swift */ = {isa = PBXFileReference; lastKnownFileType = sourcecode.swift; path = RxSwift_IntroUITests.swift; sourceTree = "<group>"; };
		84347758266E8D9F006DF732 /* Info.plist */ = {isa = PBXFileReference; lastKnownFileType = text.plist.xml; path = Info.plist; sourceTree = "<group>"; };
		84347779266E9E22006DF732 /* SecondViewController.swift */ = {isa = PBXFileReference; lastKnownFileType = sourcecode.swift; path = SecondViewController.swift; sourceTree = "<group>"; };
		959EE722ED032DB3C60BEAB0 /* Pods_RxSwift_IntroTests.framework */ = {isa = PBXFileReference; explicitFileType = wrapper.framework; includeInIndex = 0; path = Pods_RxSwift_IntroTests.framework; sourceTree = BUILT_PRODUCTS_DIR; };
		BD4392D12437639989FCCAEF /* Pods-RxSwift_IntroTests.debug.xcconfig */ = {isa = PBXFileReference; includeInIndex = 1; lastKnownFileType = text.xcconfig; name = "Pods-RxSwift_IntroTests.debug.xcconfig"; path = "Target Support Files/Pods-RxSwift_IntroTests/Pods-RxSwift_IntroTests.debug.xcconfig"; sourceTree = "<group>"; };
		D1A4677CC3209F523AEEF4C7 /* Pods-RxSwift_IntroTests.release.xcconfig */ = {isa = PBXFileReference; includeInIndex = 1; lastKnownFileType = text.xcconfig; name = "Pods-RxSwift_IntroTests.release.xcconfig"; path = "Target Support Files/Pods-RxSwift_IntroTests/Pods-RxSwift_IntroTests.release.xcconfig"; sourceTree = "<group>"; };
		DAA35ADC6461E0ADC5BC9D31 /* Pods-RxSwift_Intro-RxSwift_IntroUITests.debug.xcconfig */ = {isa = PBXFileReference; includeInIndex = 1; lastKnownFileType = text.xcconfig; name = "Pods-RxSwift_Intro-RxSwift_IntroUITests.debug.xcconfig"; path = "Target Support Files/Pods-RxSwift_Intro-RxSwift_IntroUITests/Pods-RxSwift_Intro-RxSwift_IntroUITests.debug.xcconfig"; sourceTree = "<group>"; };
/* End PBXFileReference section */

/* Begin PBXFrameworksBuildPhase section */
		8434772E266E8D9C006DF732 /* Frameworks */ = {
			isa = PBXFrameworksBuildPhase;
			buildActionMask = 2147483647;
			files = (
				D22677B3002C4B6022E61982 /* Pods_RxSwift_Intro.framework in Frameworks */,
			);
			runOnlyForDeploymentPostprocessing = 0;
		};
		84347744266E8D9F006DF732 /* Frameworks */ = {
			isa = PBXFrameworksBuildPhase;
			buildActionMask = 2147483647;
			files = (
				19B959CBF32E010A6F60993E /* Pods_RxSwift_IntroTests.framework in Frameworks */,
			);
			runOnlyForDeploymentPostprocessing = 0;
		};
		8434774F266E8D9F006DF732 /* Frameworks */ = {
			isa = PBXFrameworksBuildPhase;
			buildActionMask = 2147483647;
			files = (
				CD07878449C63AB1F08650B3 /* Pods_RxSwift_Intro_RxSwift_IntroUITests.framework in Frameworks */,
			);
			runOnlyForDeploymentPostprocessing = 0;
		};
/* End PBXFrameworksBuildPhase section */

/* Begin PBXGroup section */
		3ABCFC62D8DFB614BE4C2FA1 /* Frameworks */ = {
			isa = PBXGroup;
			children = (
				22AC9BB6F8A8629C094C886C /* Pods_RxSwift_Intro.framework */,
				4595A95C453137D00AD98F19 /* Pods_RxSwift_Intro_RxSwift_IntroUITests.framework */,
				959EE722ED032DB3C60BEAB0 /* Pods_RxSwift_IntroTests.framework */,
			);
			name = Frameworks;
			sourceTree = "<group>";
		};
		59DE503A19CFA03E142D4F82 /* Pods */ = {
			isa = PBXGroup;
			children = (
				7EEDF0B2D0F96AFA6E7D534D /* Pods-RxSwift_Intro.debug.xcconfig */,
				33EFD55F046B990CB74DAFAE /* Pods-RxSwift_Intro.release.xcconfig */,
				DAA35ADC6461E0ADC5BC9D31 /* Pods-RxSwift_Intro-RxSwift_IntroUITests.debug.xcconfig */,
				816136E26F4048BA249AF60F /* Pods-RxSwift_Intro-RxSwift_IntroUITests.release.xcconfig */,
				BD4392D12437639989FCCAEF /* Pods-RxSwift_IntroTests.debug.xcconfig */,
				D1A4677CC3209F523AEEF4C7 /* Pods-RxSwift_IntroTests.release.xcconfig */,
			);
			path = Pods;
			sourceTree = "<group>";
		};
		84347728266E8D9C006DF732 = {
			isa = PBXGroup;
			children = (
				84347733266E8D9C006DF732 /* RxSwift_Intro */,
				8434774A266E8D9F006DF732 /* RxSwift_IntroTests */,
				84347755266E8D9F006DF732 /* RxSwift_IntroUITests */,
				84347732266E8D9C006DF732 /* Products */,
				59DE503A19CFA03E142D4F82 /* Pods */,
				3ABCFC62D8DFB614BE4C2FA1 /* Frameworks */,
			);
			sourceTree = "<group>";
		};
		84347732266E8D9C006DF732 /* Products */ = {
			isa = PBXGroup;
			children = (
				84347731266E8D9C006DF732 /* RxSwift_Intro.app */,
				84347747266E8D9F006DF732 /* RxSwift_IntroTests.xctest */,
				84347752266E8D9F006DF732 /* RxSwift_IntroUITests.xctest */,
			);
			name = Products;
			sourceTree = "<group>";
		};
		84347733266E8D9C006DF732 /* RxSwift_Intro */ = {
			isa = PBXGroup;
			children = (
				84347734266E8D9C006DF732 /* AppDelegate.swift */,
				84347736266E8D9C006DF732 /* SceneDelegate.swift */,
				84347738266E8D9C006DF732 /* ViewController.swift */,
				84347779266E9E22006DF732 /* SecondViewController.swift */,
				8434773A266E8D9C006DF732 /* Main.storyboard */,
				8434773D266E8D9F006DF732 /* Assets.xcassets */,
				8434773F266E8D9F006DF732 /* LaunchScreen.storyboard */,
				84347742266E8D9F006DF732 /* Info.plist */,
			);
			path = RxSwift_Intro;
			sourceTree = "<group>";
		};
		8434774A266E8D9F006DF732 /* RxSwift_IntroTests */ = {
			isa = PBXGroup;
			children = (
				8434774B266E8D9F006DF732 /* RxSwift_IntroTests.swift */,
				8434774D266E8D9F006DF732 /* Info.plist */,
			);
			path = RxSwift_IntroTests;
			sourceTree = "<group>";
		};
		84347755266E8D9F006DF732 /* RxSwift_IntroUITests */ = {
			isa = PBXGroup;
			children = (
				84347756266E8D9F006DF732 /* RxSwift_IntroUITests.swift */,
				84347758266E8D9F006DF732 /* Info.plist */,
			);
			path = RxSwift_IntroUITests;
			sourceTree = "<group>";
		};
/* End PBXGroup section */

/* Begin PBXNativeTarget section */
		84347730266E8D9C006DF732 /* RxSwift_Intro */ = {
			isa = PBXNativeTarget;
			buildConfigurationList = 8434775B266E8D9F006DF732 /* Build configuration list for PBXNativeTarget "RxSwift_Intro" */;
			buildPhases = (
				9B65E39892869728EBB7E466 /* [CP] Check Pods Manifest.lock */,
				8434772D266E8D9C006DF732 /* Sources */,
				8434772E266E8D9C006DF732 /* Frameworks */,
				8434772F266E8D9C006DF732 /* Resources */,
				42566677EA5C4AC229B6CD85 /* [CP] Embed Pods Frameworks */,
			);
			buildRules = (
			);
			dependencies = (
			);
			name = RxSwift_Intro;
			productName = RxSwift_Intro;
			productReference = 84347731266E8D9C006DF732 /* RxSwift_Intro.app */;
			productType = "com.apple.product-type.application";
		};
		84347746266E8D9F006DF732 /* RxSwift_IntroTests */ = {
			isa = PBXNativeTarget;
			buildConfigurationList = 8434775E266E8D9F006DF732 /* Build configuration list for PBXNativeTarget "RxSwift_IntroTests" */;
			buildPhases = (
				8A72028D8F0FBE52CE5106F9 /* [CP] Check Pods Manifest.lock */,
				84347743266E8D9F006DF732 /* Sources */,
				84347744266E8D9F006DF732 /* Frameworks */,
				84347745266E8D9F006DF732 /* Resources */,
			);
			buildRules = (
			);
			dependencies = (
				84347749266E8D9F006DF732 /* PBXTargetDependency */,
			);
			name = RxSwift_IntroTests;
			productName = RxSwift_IntroTests;
			productReference = 84347747266E8D9F006DF732 /* RxSwift_IntroTests.xctest */;
			productType = "com.apple.product-type.bundle.unit-test";
		};
		84347751266E8D9F006DF732 /* RxSwift_IntroUITests */ = {
			isa = PBXNativeTarget;
			buildConfigurationList = 84347761266E8D9F006DF732 /* Build configuration list for PBXNativeTarget "RxSwift_IntroUITests" */;
			buildPhases = (
				3CFDE9484085A8CABC303390 /* [CP] Check Pods Manifest.lock */,
				8434774E266E8D9F006DF732 /* Sources */,
				8434774F266E8D9F006DF732 /* Frameworks */,
				84347750266E8D9F006DF732 /* Resources */,
				A03F2ADCB254214DD894A9DA /* [CP] Embed Pods Frameworks */,
			);
			buildRules = (
			);
			dependencies = (
				84347754266E8D9F006DF732 /* PBXTargetDependency */,
			);
			name = RxSwift_IntroUITests;
			productName = RxSwift_IntroUITests;
			productReference = 84347752266E8D9F006DF732 /* RxSwift_IntroUITests.xctest */;
			productType = "com.apple.product-type.bundle.ui-testing";
		};
/* End PBXNativeTarget section */

/* Begin PBXProject section */
		84347729266E8D9C006DF732 /* Project object */ = {
			isa = PBXProject;
			attributes = {
				LastSwiftUpdateCheck = 1220;
				LastUpgradeCheck = 1220;
				TargetAttributes = {
					84347730266E8D9C006DF732 = {
						CreatedOnToolsVersion = 12.2;
					};
					84347746266E8D9F006DF732 = {
						CreatedOnToolsVersion = 12.2;
						TestTargetID = 84347730266E8D9C006DF732;
					};
					84347751266E8D9F006DF732 = {
						CreatedOnToolsVersion = 12.2;
						TestTargetID = 84347730266E8D9C006DF732;
					};
				};
			};
			buildConfigurationList = 8434772C266E8D9C006DF732 /* Build configuration list for PBXProject "RxSwift_Intro" */;
			compatibilityVersion = "Xcode 9.3";
			developmentRegion = en;
			hasScannedForEncodings = 0;
			knownRegions = (
				en,
				Base,
			);
			mainGroup = 84347728266E8D9C006DF732;
			productRefGroup = 84347732266E8D9C006DF732 /* Products */;
			projectDirPath = "";
			projectRoot = "";
			targets = (
				84347730266E8D9C006DF732 /* RxSwift_Intro */,
				84347746266E8D9F006DF732 /* RxSwift_IntroTests */,
				84347751266E8D9F006DF732 /* RxSwift_IntroUITests */,
			);
		};
/* End PBXProject section */

/* Begin PBXResourcesBuildPhase section */
		8434772F266E8D9C006DF732 /* Resources */ = {
			isa = PBXResourcesBuildPhase;
			buildActionMask = 2147483647;
			files = (
				84347741266E8D9F006DF732 /* LaunchScreen.storyboard in Resources */,
				8434773E266E8D9F006DF732 /* Assets.xcassets in Resources */,
				8434773C266E8D9C006DF732 /* Main.storyboard in Resources */,
			);
			runOnlyForDeploymentPostprocessing = 0;
		};
		84347745266E8D9F006DF732 /* Resources */ = {
			isa = PBXResourcesBuildPhase;
			buildActionMask = 2147483647;
			files = (
			);
			runOnlyForDeploymentPostprocessing = 0;
		};
		84347750266E8D9F006DF732 /* Resources */ = {
			isa = PBXResourcesBuildPhase;
			buildActionMask = 2147483647;
			files = (
			);
			runOnlyForDeploymentPostprocessing = 0;
		};
/* End PBXResourcesBuildPhase section */

/* Begin PBXShellScriptBuildPhase section */
		3CFDE9484085A8CABC303390 /* [CP] Check Pods Manifest.lock */ = {
			isa = PBXShellScriptBuildPhase;
			buildActionMask = 2147483647;
			files = (
			);
			inputFileListPaths = (
			);
			inputPaths = (
				"${PODS_PODFILE_DIR_PATH}/Podfile.lock",
				"${PODS_ROOT}/Manifest.lock",
			);
			name = "[CP] Check Pods Manifest.lock";
			outputFileListPaths = (
			);
			outputPaths = (
				"$(DERIVED_FILE_DIR)/Pods-RxSwift_Intro-RxSwift_IntroUITests-checkManifestLockResult.txt",
			);
			runOnlyForDeploymentPostprocessing = 0;
			shellPath = /bin/sh;
			shellScript = "diff \"${PODS_PODFILE_DIR_PATH}/Podfile.lock\" \"${PODS_ROOT}/Manifest.lock\" > /dev/null\nif [ $? != 0 ] ; then\n    # print error to STDERR\n    echo \"error: The sandbox is not in sync with the Podfile.lock. Run 'pod install' or update your CocoaPods installation.\" >&2\n    exit 1\nfi\n# This output is used by Xcode 'outputs' to avoid re-running this script phase.\necho \"SUCCESS\" > \"${SCRIPT_OUTPUT_FILE_0}\"\n";
			showEnvVarsInLog = 0;
		};
		42566677EA5C4AC229B6CD85 /* [CP] Embed Pods Frameworks */ = {
			isa = PBXShellScriptBuildPhase;
			buildActionMask = 2147483647;
			files = (
			);
			inputFileListPaths = (
				"${PODS_ROOT}/Target Support Files/Pods-RxSwift_Intro/Pods-RxSwift_Intro-frameworks-${CONFIGURATION}-input-files.xcfilelist",
			);
			name = "[CP] Embed Pods Frameworks";
			outputFileListPaths = (
				"${PODS_ROOT}/Target Support Files/Pods-RxSwift_Intro/Pods-RxSwift_Intro-frameworks-${CONFIGURATION}-output-files.xcfilelist",
			);
			runOnlyForDeploymentPostprocessing = 0;
			shellPath = /bin/sh;
			shellScript = "\"${PODS_ROOT}/Target Support Files/Pods-RxSwift_Intro/Pods-RxSwift_Intro-frameworks.sh\"\n";
			showEnvVarsInLog = 0;
		};
		8A72028D8F0FBE52CE5106F9 /* [CP] Check Pods Manifest.lock */ = {
			isa = PBXShellScriptBuildPhase;
			buildActionMask = 2147483647;
			files = (
			);
			inputFileListPaths = (
			);
			inputPaths = (
				"${PODS_PODFILE_DIR_PATH}/Podfile.lock",
				"${PODS_ROOT}/Manifest.lock",
			);
			name = "[CP] Check Pods Manifest.lock";
			outputFileListPaths = (
			);
			outputPaths = (
				"$(DERIVED_FILE_DIR)/Pods-RxSwift_IntroTests-checkManifestLockResult.txt",
			);
			runOnlyForDeploymentPostprocessing = 0;
			shellPath = /bin/sh;
			shellScript = "diff \"${PODS_PODFILE_DIR_PATH}/Podfile.lock\" \"${PODS_ROOT}/Manifest.lock\" > /dev/null\nif [ $? != 0 ] ; then\n    # print error to STDERR\n    echo \"error: The sandbox is not in sync with the Podfile.lock. Run 'pod install' or update your CocoaPods installation.\" >&2\n    exit 1\nfi\n# This output is used by Xcode 'outputs' to avoid re-running this script phase.\necho \"SUCCESS\" > \"${SCRIPT_OUTPUT_FILE_0}\"\n";
			showEnvVarsInLog = 0;
		};
		9B65E39892869728EBB7E466 /* [CP] Check Pods Manifest.lock */ = {
			isa = PBXShellScriptBuildPhase;
			buildActionMask = 2147483647;
			files = (
			);
			inputFileListPaths = (
			);
			inputPaths = (
				"${PODS_PODFILE_DIR_PATH}/Podfile.lock",
				"${PODS_ROOT}/Manifest.lock",
			);
			name = "[CP] Check Pods Manifest.lock";
			outputFileListPaths = (
			);
			outputPaths = (
				"$(DERIVED_FILE_DIR)/Pods-RxSwift_Intro-checkManifestLockResult.txt",
			);
			runOnlyForDeploymentPostprocessing = 0;
			shellPath = /bin/sh;
			shellScript = "diff \"${PODS_PODFILE_DIR_PATH}/Podfile.lock\" \"${PODS_ROOT}/Manifest.lock\" > /dev/null\nif [ $? != 0 ] ; then\n    # print error to STDERR\n    echo \"error: The sandbox is not in sync with the Podfile.lock. Run 'pod install' or update your CocoaPods installation.\" >&2\n    exit 1\nfi\n# This output is used by Xcode 'outputs' to avoid re-running this script phase.\necho \"SUCCESS\" > \"${SCRIPT_OUTPUT_FILE_0}\"\n";
			showEnvVarsInLog = 0;
		};
		A03F2ADCB254214DD894A9DA /* [CP] Embed Pods Frameworks */ = {
			isa = PBXShellScriptBuildPhase;
			buildActionMask = 2147483647;
			files = (
			);
			inputFileListPaths = (
				"${PODS_ROOT}/Target Support Files/Pods-RxSwift_Intro-RxSwift_IntroUITests/Pods-RxSwift_Intro-RxSwift_IntroUITests-frameworks-${CONFIGURATION}-input-files.xcfilelist",
			);
			name = "[CP] Embed Pods Frameworks";
			outputFileListPaths = (
				"${PODS_ROOT}/Target Support Files/Pods-RxSwift_Intro-RxSwift_IntroUITests/Pods-RxSwift_Intro-RxSwift_IntroUITests-frameworks-${CONFIGURATION}-output-files.xcfilelist",
			);
			runOnlyForDeploymentPostprocessing = 0;
			shellPath = /bin/sh;
			shellScript = "\"${PODS_ROOT}/Target Support Files/Pods-RxSwift_Intro-RxSwift_IntroUITests/Pods-RxSwift_Intro-RxSwift_IntroUITests-frameworks.sh\"\n";
			showEnvVarsInLog = 0;
		};
/* End PBXShellScriptBuildPhase section */

/* Begin PBXSourcesBuildPhase section */
		8434772D266E8D9C006DF732 /* Sources */ = {
			isa = PBXSourcesBuildPhase;
			buildActionMask = 2147483647;
			files = (
				8434777A266E9E22006DF732 /* SecondViewController.swift in Sources */,
				84347739266E8D9C006DF732 /* ViewController.swift in Sources */,
				84347735266E8D9C006DF732 /* AppDelegate.swift in Sources */,
				84347737266E8D9C006DF732 /* SceneDelegate.swift in Sources */,
			);
			runOnlyForDeploymentPostprocessing = 0;
		};
		84347743266E8D9F006DF732 /* Sources */ = {
			isa = PBXSourcesBuildPhase;
			buildActionMask = 2147483647;
			files = (
				8434774C266E8D9F006DF732 /* RxSwift_IntroTests.swift in Sources */,
			);
			runOnlyForDeploymentPostprocessing = 0;
		};
		8434774E266E8D9F006DF732 /* Sources */ = {
			isa = PBXSourcesBuildPhase;
			buildActionMask = 2147483647;
			files = (
				84347757266E8D9F006DF732 /* RxSwift_IntroUITests.swift in Sources */,
			);
			runOnlyForDeploymentPostprocessing = 0;
		};
/* End PBXSourcesBuildPhase section */

/* Begin PBXTargetDependency section */
		84347749266E8D9F006DF732 /* PBXTargetDependency */ = {
			isa = PBXTargetDependency;
			target = 84347730266E8D9C006DF732 /* RxSwift_Intro */;
			targetProxy = 84347748266E8D9F006DF732 /* PBXContainerItemProxy */;
		};
		84347754266E8D9F006DF732 /* PBXTargetDependency */ = {
			isa = PBXTargetDependency;
			target = 84347730266E8D9C006DF732 /* RxSwift_Intro */;
			targetProxy = 84347753266E8D9F006DF732 /* PBXContainerItemProxy */;
		};
/* End PBXTargetDependency section */

/* Begin PBXVariantGroup section */
		8434773A266E8D9C006DF732 /* Main.storyboard */ = {
			isa = PBXVariantGroup;
			children = (
				8434773B266E8D9C006DF732 /* Base */,
			);
			name = Main.storyboard;
			sourceTree = "<group>";
		};
		8434773F266E8D9F006DF732 /* LaunchScreen.storyboard */ = {
			isa = PBXVariantGroup;
			children = (
				84347740266E8D9F006DF732 /* Base */,
			);
			name = LaunchScreen.storyboard;
			sourceTree = "<group>";
		};
/* End PBXVariantGroup section */

/* Begin XCBuildConfiguration section */
		84347759266E8D9F006DF732 /* Debug */ = {
			isa = XCBuildConfiguration;
			buildSettings = {
				ALWAYS_SEARCH_USER_PATHS = NO;
				CLANG_ANALYZER_NONNULL = YES;
				CLANG_ANALYZER_NUMBER_OBJECT_CONVERSION = YES_AGGRESSIVE;
				CLANG_CXX_LANGUAGE_STANDARD = "gnu++14";
				CLANG_CXX_LIBRARY = "libc++";
				CLANG_ENABLE_MODULES = YES;
				CLANG_ENABLE_OBJC_ARC = YES;
				CLANG_ENABLE_OBJC_WEAK = YES;
				CLANG_WARN_BLOCK_CAPTURE_AUTORELEASING = YES;
				CLANG_WARN_BOOL_CONVERSION = YES;
				CLANG_WARN_COMMA = YES;
				CLANG_WARN_CONSTANT_CONVERSION = YES;
				CLANG_WARN_DEPRECATED_OBJC_IMPLEMENTATIONS = YES;
				CLANG_WARN_DIRECT_OBJC_ISA_USAGE = YES_ERROR;
				CLANG_WARN_DOCUMENTATION_COMMENTS = YES;
				CLANG_WARN_EMPTY_BODY = YES;
				CLANG_WARN_ENUM_CONVERSION = YES;
				CLANG_WARN_INFINITE_RECURSION = YES;
				CLANG_WARN_INT_CONVERSION = YES;
				CLANG_WARN_NON_LITERAL_NULL_CONVERSION = YES;
				CLANG_WARN_OBJC_IMPLICIT_RETAIN_SELF = YES;
				CLANG_WARN_OBJC_LITERAL_CONVERSION = YES;
				CLANG_WARN_OBJC_ROOT_CLASS = YES_ERROR;
				CLANG_WARN_QUOTED_INCLUDE_IN_FRAMEWORK_HEADER = YES;
				CLANG_WARN_RANGE_LOOP_ANALYSIS = YES;
				CLANG_WARN_STRICT_PROTOTYPES = YES;
				CLANG_WARN_SUSPICIOUS_MOVE = YES;
				CLANG_WARN_UNGUARDED_AVAILABILITY = YES_AGGRESSIVE;
				CLANG_WARN_UNREACHABLE_CODE = YES;
				CLANG_WARN__DUPLICATE_METHOD_MATCH = YES;
				COPY_PHASE_STRIP = NO;
				DEBUG_INFORMATION_FORMAT = dwarf;
				ENABLE_STRICT_OBJC_MSGSEND = YES;
				ENABLE_TESTABILITY = YES;
				GCC_C_LANGUAGE_STANDARD = gnu11;
				GCC_DYNAMIC_NO_PIC = NO;
				GCC_NO_COMMON_BLOCKS = YES;
				GCC_OPTIMIZATION_LEVEL = 0;
				GCC_PREPROCESSOR_DEFINITIONS = (
					"DEBUG=1",
					"$(inherited)",
				);
				GCC_WARN_64_TO_32_BIT_CONVERSION = YES;
				GCC_WARN_ABOUT_RETURN_TYPE = YES_ERROR;
				GCC_WARN_UNDECLARED_SELECTOR = YES;
				GCC_WARN_UNINITIALIZED_AUTOS = YES_AGGRESSIVE;
				GCC_WARN_UNUSED_FUNCTION = YES;
				GCC_WARN_UNUSED_VARIABLE = YES;
				IPHONEOS_DEPLOYMENT_TARGET = 14.2;
				MTL_ENABLE_DEBUG_INFO = INCLUDE_SOURCE;
				MTL_FAST_MATH = YES;
				ONLY_ACTIVE_ARCH = YES;
				SDKROOT = iphoneos;
				SWIFT_ACTIVE_COMPILATION_CONDITIONS = DEBUG;
				SWIFT_OPTIMIZATION_LEVEL = "-Onone";
			};
			name = Debug;
		};
		8434775A266E8D9F006DF732 /* Release */ = {
			isa = XCBuildConfiguration;
			buildSettings = {
				ALWAYS_SEARCH_USER_PATHS = NO;
				CLANG_ANALYZER_NONNULL = YES;
				CLANG_ANALYZER_NUMBER_OBJECT_CONVERSION = YES_AGGRESSIVE;
				CLANG_CXX_LANGUAGE_STANDARD = "gnu++14";
				CLANG_CXX_LIBRARY = "libc++";
				CLANG_ENABLE_MODULES = YES;
				CLANG_ENABLE_OBJC_ARC = YES;
				CLANG_ENABLE_OBJC_WEAK = YES;
				CLANG_WARN_BLOCK_CAPTURE_AUTORELEASING = YES;
				CLANG_WARN_BOOL_CONVERSION = YES;
				CLANG_WARN_COMMA = YES;
				CLANG_WARN_CONSTANT_CONVERSION = YES;
				CLANG_WARN_DEPRECATED_OBJC_IMPLEMENTATIONS = YES;
				CLANG_WARN_DIRECT_OBJC_ISA_USAGE = YES_ERROR;
				CLANG_WARN_DOCUMENTATION_COMMENTS = YES;
				CLANG_WARN_EMPTY_BODY = YES;
				CLANG_WARN_ENUM_CONVERSION = YES;
				CLANG_WARN_INFINITE_RECURSION = YES;
				CLANG_WARN_INT_CONVERSION = YES;
				CLANG_WARN_NON_LITERAL_NULL_CONVERSION = YES;
				CLANG_WARN_OBJC_IMPLICIT_RETAIN_SELF = YES;
				CLANG_WARN_OBJC_LITERAL_CONVERSION = YES;
				CLANG_WARN_OBJC_ROOT_CLASS = YES_ERROR;
				CLANG_WARN_QUOTED_INCLUDE_IN_FRAMEWORK_HEADER = YES;
				CLANG_WARN_RANGE_LOOP_ANALYSIS = YES;
				CLANG_WARN_STRICT_PROTOTYPES = YES;
				CLANG_WARN_SUSPICIOUS_MOVE = YES;
				CLANG_WARN_UNGUARDED_AVAILABILITY = YES_AGGRESSIVE;
				CLANG_WARN_UNREACHABLE_CODE = YES;
				CLANG_WARN__DUPLICATE_METHOD_MATCH = YES;
				COPY_PHASE_STRIP = NO;
				DEBUG_INFORMATION_FORMAT = "dwarf-with-dsym";
				ENABLE_NS_ASSERTIONS = NO;
				ENABLE_STRICT_OBJC_MSGSEND = YES;
				GCC_C_LANGUAGE_STANDARD = gnu11;
				GCC_NO_COMMON_BLOCKS = YES;
				GCC_WARN_64_TO_32_BIT_CONVERSION = YES;
				GCC_WARN_ABOUT_RETURN_TYPE = YES_ERROR;
				GCC_WARN_UNDECLARED_SELECTOR = YES;
				GCC_WARN_UNINITIALIZED_AUTOS = YES_AGGRESSIVE;
				GCC_WARN_UNUSED_FUNCTION = YES;
				GCC_WARN_UNUSED_VARIABLE = YES;
				IPHONEOS_DEPLOYMENT_TARGET = 14.2;
				MTL_ENABLE_DEBUG_INFO = NO;
				MTL_FAST_MATH = YES;
				SDKROOT = iphoneos;
				SWIFT_COMPILATION_MODE = wholemodule;
				SWIFT_OPTIMIZATION_LEVEL = "-O";
				VALIDATE_PRODUCT = YES;
			};
			name = Release;
		};
		8434775C266E8D9F006DF732 /* Debug */ = {
			isa = XCBuildConfiguration;
			baseConfigurationReference = 7EEDF0B2D0F96AFA6E7D534D /* Pods-RxSwift_Intro.debug.xcconfig */;
			buildSettings = {
				ASSETCATALOG_COMPILER_APPICON_NAME = AppIcon;
				ASSETCATALOG_COMPILER_GLOBAL_ACCENT_COLOR_NAME = AccentColor;
				CODE_SIGN_STYLE = Automatic;
				INFOPLIST_FILE = RxSwift_Intro/Info.plist;
				LD_RUNPATH_SEARCH_PATHS = (
					"$(inherited)",
					"@executable_path/Frameworks",
				);
				PRODUCT_BUNDLE_IDENTIFIER = "com.test.RxSwift-Intro";
				PRODUCT_NAME = "$(TARGET_NAME)";
				SWIFT_VERSION = 5.0;
				TARGETED_DEVICE_FAMILY = "1,2";
			};
			name = Debug;
		};
		8434775D266E8D9F006DF732 /* Release */ = {
			isa = XCBuildConfiguration;
			baseConfigurationReference = 33EFD55F046B990CB74DAFAE /* Pods-RxSwift_Intro.release.xcconfig */;
			buildSettings = {
				ASSETCATALOG_COMPILER_APPICON_NAME = AppIcon;
				ASSETCATALOG_COMPILER_GLOBAL_ACCENT_COLOR_NAME = AccentColor;
				CODE_SIGN_STYLE = Automatic;
				INFOPLIST_FILE = RxSwift_Intro/Info.plist;
				LD_RUNPATH_SEARCH_PATHS = (
					"$(inherited)",
					"@executable_path/Frameworks",
				);
				PRODUCT_BUNDLE_IDENTIFIER = "com.test.RxSwift-Intro";
				PRODUCT_NAME = "$(TARGET_NAME)";
				SWIFT_VERSION = 5.0;
				TARGETED_DEVICE_FAMILY = "1,2";
			};
			name = Release;
		};
		8434775F266E8D9F006DF732 /* Debug */ = {
			isa = XCBuildConfiguration;
			baseConfigurationReference = BD4392D12437639989FCCAEF /* Pods-RxSwift_IntroTests.debug.xcconfig */;
			buildSettings = {
				ALWAYS_EMBED_SWIFT_STANDARD_LIBRARIES = YES;
				BUNDLE_LOADER = "$(TEST_HOST)";
				CODE_SIGN_STYLE = Automatic;
				INFOPLIST_FILE = RxSwift_IntroTests/Info.plist;
				IPHONEOS_DEPLOYMENT_TARGET = 14.2;
				LD_RUNPATH_SEARCH_PATHS = (
					"$(inherited)",
					"@executable_path/Frameworks",
					"@loader_path/Frameworks",
				);
				PRODUCT_BUNDLE_IDENTIFIER = "com.test.RxSwift-IntroTests";
				PRODUCT_NAME = "$(TARGET_NAME)";
				SWIFT_VERSION = 5.0;
				TARGETED_DEVICE_FAMILY = "1,2";
				TEST_HOST = "$(BUILT_PRODUCTS_DIR)/RxSwift_Intro.app/RxSwift_Intro";
			};
			name = Debug;
		};
		84347760266E8D9F006DF732 /* Release */ = {
			isa = XCBuildConfiguration;
			baseConfigurationReference = D1A4677CC3209F523AEEF4C7 /* Pods-RxSwift_IntroTests.release.xcconfig */;
			buildSettings = {
				ALWAYS_EMBED_SWIFT_STANDARD_LIBRARIES = YES;
				BUNDLE_LOADER = "$(TEST_HOST)";
				CODE_SIGN_STYLE = Automatic;
				INFOPLIST_FILE = RxSwift_IntroTests/Info.plist;
				IPHONEOS_DEPLOYMENT_TARGET = 14.2;
				LD_RUNPATH_SEARCH_PATHS = (
					"$(inherited)",
					"@executable_path/Frameworks",
					"@loader_path/Frameworks",
				);
				PRODUCT_BUNDLE_IDENTIFIER = "com.test.RxSwift-IntroTests";
				PRODUCT_NAME = "$(TARGET_NAME)";
				SWIFT_VERSION = 5.0;
				TARGETED_DEVICE_FAMILY = "1,2";
				TEST_HOST = "$(BUILT_PRODUCTS_DIR)/RxSwift_Intro.app/RxSwift_Intro";
			};
			name = Release;
		};
		84347762266E8D9F006DF732 /* Debug */ = {
			isa = XCBuildConfiguration;
			baseConfigurationReference = DAA35ADC6461E0ADC5BC9D31 /* Pods-RxSwift_Intro-RxSwift_IntroUITests.debug.xcconfig */;
			buildSettings = {
				ALWAYS_EMBED_SWIFT_STANDARD_LIBRARIES = YES;
				CODE_SIGN_STYLE = Automatic;
				INFOPLIST_FILE = RxSwift_IntroUITests/Info.plist;
				LD_RUNPATH_SEARCH_PATHS = (
					"$(inherited)",
					"@executable_path/Frameworks",
					"@loader_path/Frameworks",
				);
				PRODUCT_BUNDLE_IDENTIFIER = "com.test.RxSwift-IntroUITests";
				PRODUCT_NAME = "$(TARGET_NAME)";
				SWIFT_VERSION = 5.0;
				TARGETED_DEVICE_FAMILY = "1,2";
				TEST_TARGET_NAME = RxSwift_Intro;
			};
			name = Debug;
		};
		84347763266E8D9F006DF732 /* Release */ = {
			isa = XCBuildConfiguration;
			baseConfigurationReference = 816136E26F4048BA249AF60F /* Pods-RxSwift_Intro-RxSwift_IntroUITests.release.xcconfig */;
			buildSettings = {
				ALWAYS_EMBED_SWIFT_STANDARD_LIBRARIES = YES;
				CODE_SIGN_STYLE = Automatic;
				INFOPLIST_FILE = RxSwift_IntroUITests/Info.plist;
				LD_RUNPATH_SEARCH_PATHS = (
					"$(inherited)",
					"@executable_path/Frameworks",
					"@loader_path/Frameworks",
				);
				PRODUCT_BUNDLE_IDENTIFIER = "com.test.RxSwift-IntroUITests";
				PRODUCT_NAME = "$(TARGET_NAME)";
				SWIFT_VERSION = 5.0;
				TARGETED_DEVICE_FAMILY = "1,2";
				TEST_TARGET_NAME = RxSwift_Intro;
			};
			name = Release;
		};
/* End XCBuildConfiguration section */

/* Begin XCConfigurationList section */
		8434772C266E8D9C006DF732 /* Build configuration list for PBXProject "RxSwift_Intro" */ = {
			isa = XCConfigurationList;
			buildConfigurations = (
				84347759266E8D9F006DF732 /* Debug */,
				8434775A266E8D9F006DF732 /* Release */,
			);
			defaultConfigurationIsVisible = 0;
			defaultConfigurationName = Release;
		};
		8434775B266E8D9F006DF732 /* Build configuration list for PBXNativeTarget "RxSwift_Intro" */ = {
			isa = XCConfigurationList;
			buildConfigurations = (
				8434775C266E8D9F006DF732 /* Debug */,
				8434775D266E8D9F006DF732 /* Release */,
			);
			defaultConfigurationIsVisible = 0;
			defaultConfigurationName = Release;
		};
		8434775E266E8D9F006DF732 /* Build configuration list for PBXNativeTarget "RxSwift_IntroTests" */ = {
			isa = XCConfigurationList;
			buildConfigurations = (
				8434775F266E8D9F006DF732 /* Debug */,
				84347760266E8D9F006DF732 /* Release */,
			);
			defaultConfigurationIsVisible = 0;
			defaultConfigurationName = Release;
		};
		84347761266E8D9F006DF732 /* Build configuration list for PBXNativeTarget "RxSwift_IntroUITests" */ = {
			isa = XCConfigurationList;
			buildConfigurations = (
				84347762266E8D9F006DF732 /* Debug */,
				84347763266E8D9F006DF732 /* Release */,
			);
			defaultConfigurationIsVisible = 0;
			defaultConfigurationName = Release;
		};
/* End XCConfigurationList section */
	};
	rootObject = 84347729266E8D9C006DF732 /* Project object */;
}
